
Microsoft Visual Studio Solution File, Format Version 12.00
# Visual Studio Version 17
VisualStudioVersion = 17.14.37203.1 d17.14
MinimumVisualStudioVersion = 10.0.40219.1
Project("{FAE04EC0-301F-11D3-BF4B-00C04F79EFBC}") = "DevPomodoroPlanner", "DevPomodoroPlanner\DevPomodoroPlanner.csproj", "{CBCF5840-D834-4F8F-8C4F-EB44249504C5}"
EndProject
Global
	GlobalSection(SolutionConfigurationPlatforms) = preSolution
		Debug|Any CPU = Debug|Any CPU
		Release|Any CPU = Release|Any CPU
	EndGlobalSection
	GlobalSection(ProjectConfigurationPlatforms) = postSolution
		{CBCF5840-D834-4F8F-8C4F-EB44249504C5}.Debug|Any CPU.ActiveCfg = Debug|Any CPU
		{CBCF5840-D834-4F8F-8C4F-EB44249504C5}.Debug|Any CPU.Build.0 = Debug|Any CPU
		{CBCF5840-D834-4F8F-8C4F-EB44249504C5}.Release|Any CPU.ActiveCfg = Release|Any CPU
		{CBCF5840-D834-4F8F-8C4F-EB44249504C5}.Release|Any CPU.Build.0 = Release|Any CPU
	EndGlobalSection
	GlobalSection(SolutionProperties) = preSolution
		HideSolutionNode = FALSE
	EndGlobalSection
	GlobalSection(ExtensibilityGlobals) = postSolution
		SolutionGuid = {8598A3B7-1F01-475B-BC3F-E0FF5FCF4408}
	EndGlobalSection
EndGlobal
